
Microsoft Visual Studio Solution File, Format Version 12.00
# Visual Studio Version 16
VisualStudioVersion = 16.0.31729.503
MinimumVisualStudioVersion = 10.0.40219.1
Project("{FAE04EC0-301F-11D3-BF4B-00C04F79EFBC}") = "Problema3", "Problema3\Problema3.csproj", "{AC617804-0E13-42D7-A692-C46D65C9197C}"
EndProject
Global
	GlobalSection(SolutionConfigurationPlatforms) = preSolution
		Debug|Any CPU = Debug|Any CPU
		Release|Any CPU = Release|Any CPU
	EndGlobalSection
	GlobalSection(ProjectConfigurationPlatforms) = postSolution
		{AC617804-0E13-42D7-A692-C46D65C9197C}.Debug|Any CPU.ActiveCfg = Debug|Any CPU
		{AC617804-0E13-42D7-A692-C46D65C9197C}.Debug|Any CPU.Build.0 = Debug|Any CPU
		{AC617804-0E13-42D7-A692-C46D65C9197C}.Release|Any CPU.ActiveCfg = Release|Any CPU
		{AC617804-0E13-42D7-A692-C46D65C9197C}.Release|Any CPU.Build.0 = Release|Any CPU
	EndGlobalSection
	GlobalSection(SolutionProperties) = preSolution
		HideSolutionNode = FALSE
	EndGlobalSection
	GlobalSection(ExtensibilityGlobals) = postSolution
		SolutionGuid = {72F4D2F0-619E-42A4-B0FC-4C26F438AE25}
	EndGlobalSection
EndGlobal
