
Microsoft Visual Studio Solution File, Format Version 12.00
# Visual Studio Version 16
VisualStudioVersion = 16.0.31729.503
MinimumVisualStudioVersion = 10.0.40219.1
Project("{FAE04EC0-301F-11D3-BF4B-00C04F79EFBC}") = "Problema13", "Problema13\Problema13.csproj", "{8508B47B-B856-429F-9AF1-89345FF9E784}"
EndProject
Global
	GlobalSection(SolutionConfigurationPlatforms) = preSolution
		Debug|Any CPU = Debug|Any CPU
		Release|Any CPU = Release|Any CPU
	EndGlobalSection
	GlobalSection(ProjectConfigurationPlatforms) = postSolution
		{8508B47B-B856-429F-9AF1-89345FF9E784}.Debug|Any CPU.ActiveCfg = Debug|Any CPU
		{8508B47B-B856-429F-9AF1-89345FF9E784}.Debug|Any CPU.Build.0 = Debug|Any CPU
		{8508B47B-B856-429F-9AF1-89345FF9E784}.Release|Any CPU.ActiveCfg = Release|Any CPU
		{8508B47B-B856-429F-9AF1-89345FF9E784}.Release|Any CPU.Build.0 = Release|Any CPU
	EndGlobalSection
	GlobalSection(SolutionProperties) = preSolution
		HideSolutionNode = FALSE
	EndGlobalSection
	GlobalSection(ExtensibilityGlobals) = postSolution
		SolutionGuid = {07CCDB88-5C49-4792-9C28-13AC42E9B0AF}
	EndGlobalSection
EndGlobal
