
Microsoft Visual Studio Solution File, Format Version 12.00
# Visual Studio Version 16
VisualStudioVersion = 16.0.31729.503
MinimumVisualStudioVersion = 10.0.40219.1
Project("{FAE04EC0-301F-11D3-BF4B-00C04F79EFBC}") = "Problema19", "Problema19\Problema19.csproj", "{A1453BA4-4D1E-4E8D-BEB7-7C03C46C2B04}"
EndProject
Global
	GlobalSection(SolutionConfigurationPlatforms) = preSolution
		Debug|Any CPU = Debug|Any CPU
		Release|Any CPU = Release|Any CPU
	EndGlobalSection
	GlobalSection(ProjectConfigurationPlatforms) = postSolution
		{A1453BA4-4D1E-4E8D-BEB7-7C03C46C2B04}.Debug|Any CPU.ActiveCfg = Debug|Any CPU
		{A1453BA4-4D1E-4E8D-BEB7-7C03C46C2B04}.Debug|Any CPU.Build.0 = Debug|Any CPU
		{A1453BA4-4D1E-4E8D-BEB7-7C03C46C2B04}.Release|Any CPU.ActiveCfg = Release|Any CPU
		{A1453BA4-4D1E-4E8D-BEB7-7C03C46C2B04}.Release|Any CPU.Build.0 = Release|Any CPU
	EndGlobalSection
	GlobalSection(SolutionProperties) = preSolution
		HideSolutionNode = FALSE
	EndGlobalSection
	GlobalSection(ExtensibilityGlobals) = postSolution
		SolutionGuid = {F3596353-D8E9-43E1-9581-6A43FBF22098}
	EndGlobalSection
EndGlobal
