
Microsoft Visual Studio Solution File, Format Version 12.00
# Visual Studio Version 16
VisualStudioVersion = 16.0.31729.503
MinimumVisualStudioVersion = 10.0.40219.1
Project("{FAE04EC0-301F-11D3-BF4B-00C04F79EFBC}") = "Problema12", "Problema12\Problema12.csproj", "{6EE6C177-35AE-4EBD-87B9-1EF7CD8610C0}"
EndProject
Global
	GlobalSection(SolutionConfigurationPlatforms) = preSolution
		Debug|Any CPU = Debug|Any CPU
		Release|Any CPU = Release|Any CPU
	EndGlobalSection
	GlobalSection(ProjectConfigurationPlatforms) = postSolution
		{6EE6C177-35AE-4EBD-87B9-1EF7CD8610C0}.Debug|Any CPU.ActiveCfg = Debug|Any CPU
		{6EE6C177-35AE-4EBD-87B9-1EF7CD8610C0}.Debug|Any CPU.Build.0 = Debug|Any CPU
		{6EE6C177-35AE-4EBD-87B9-1EF7CD8610C0}.Release|Any CPU.ActiveCfg = Release|Any CPU
		{6EE6C177-35AE-4EBD-87B9-1EF7CD8610C0}.Release|Any CPU.Build.0 = Release|Any CPU
	EndGlobalSection
	GlobalSection(SolutionProperties) = preSolution
		HideSolutionNode = FALSE
	EndGlobalSection
	GlobalSection(ExtensibilityGlobals) = postSolution
		SolutionGuid = {7E8AD058-3DEC-490F-B3BD-8B5F09586E1F}
	EndGlobalSection
EndGlobal
